<Solution>
  <Project Path="MediaCatalog/MediaCatalog.csproj" DefaultStartup="true" />
  <Project Path="MediaCatalog.Abstractions/MediaCatalog.Abstractions.csproj" />
  <Project Path="MediaCatalog.Plugin.Sdk/MediaCatalog.Plugin.Sdk.csproj" />
  <Project Path="MediaCatalog.Plugin.Podcast/MediaCatalog.Plugin.Podcast.csproj" />
  <Project Path="MediaCatalog.PluginSigner/MediaCatalog.PluginSigner.csproj" />
</Solution>
